
Microsoft Visual Studio Solution File, Format Version 12.00
# Visual Studio Version 17
VisualStudioVersion = 17.0.31903.59
MinimumVisualStudioVersion = 10.0.40219.1
Project("{2150E333-8FDC-42A3-9474-1A3956D46DE8}") = "2 - Core", "2 - Core", "{CF64FBC9-0AB4-4226-BB96-F8FB9E82A477}"
EndProject
Project("{9A19103F-16F7-4668-BE54-9A1E7A4F7556}") = "Agropet.Application", "src\Core\Agropet.Application\Agropet.Application.csproj", "{22FC6117-7F29-4FCA-95C6-96C5260535CD}"
EndProject
Project("{9A19103F-16F7-4668-BE54-9A1E7A4F7556}") = "Agropet.Domain", "src\Core\Agropet.Domain\Agropet.Domain.csproj", "{87AD5018-5704-4436-BD32-BA3BE058F9E5}"
EndProject
Project("{2150E333-8FDC-42A3-9474-1A3956D46DE8}") = "3 - Infrastructure", "3 - Infrastructure", "{DCF2CB58-7FB3-47EF-BF73-8F97D3AF1F30}"
EndProject
Project("{9A19103F-16F7-4668-BE54-9A1E7A4F7556}") = "Agropet.Persistence", "src\Infrastructure\Agropet.Persistence\Agropet.Persistence.csproj", "{90FBBEBF-9795-4F55-840E-1E8EC7E8C7A4}"
EndProject
Project("{2150E333-8FDC-42A3-9474-1A3956D46DE8}") = "1 - Presentation", "1 - Presentation", "{3C4338B8-BFC7-4D39-ABE2-776D7247560A}"
EndProject
Project("{9A19103F-16F7-4668-BE54-9A1E7A4F7556}") = "Agropet.API", "src\Presentation\Agropet.API\Agropet.API.csproj", "{BFB02935-C30F-463E-857B-A7E7D4FDE43D}"
EndProject
Project("{2150E333-8FDC-42A3-9474-1A3956D46DE8}") = "4 - Test", "4 - Test", "{3E72BF5C-0B5E-D5BD-DCAE-6B991004B4A5}"
EndProject
Project("{FAE04EC0-301F-11D3-BF4B-00C04F79EFBC}") = "Agropet.Domain.Tests", "src\Test\Agropet.Domain.Tests\Agropet.Domain.Tests.csproj", "{34D1A2C4-9167-48E1-8914-C7514ED983D2}"
EndProject
Global
	GlobalSection(SolutionConfigurationPlatforms) = preSolution
		Debug|Any CPU = Debug|Any CPU
		Debug|x64 = Debug|x64
		Debug|x86 = Debug|x86
		Release|Any CPU = Release|Any CPU
		Release|x64 = Release|x64
		Release|x86 = Release|x86
	EndGlobalSection
	GlobalSection(ProjectConfigurationPlatforms) = postSolution
		{22FC6117-7F29-4FCA-95C6-96C5260535CD}.Debug|Any CPU.ActiveCfg = Debug|Any CPU
		{22FC6117-7F29-4FCA-95C6-96C5260535CD}.Debug|Any CPU.Build.0 = Debug|Any CPU
		{22FC6117-7F29-4FCA-95C6-96C5260535CD}.Debug|x64.ActiveCfg = Debug|Any CPU
		{22FC6117-7F29-4FCA-95C6-96C5260535CD}.Debug|x64.Build.0 = Debug|Any CPU
		{22FC6117-7F29-4FCA-95C6-96C5260535CD}.Debug|x86.ActiveCfg = Debug|Any CPU
		{22FC6117-7F29-4FCA-95C6-96C5260535CD}.Debug|x86.Build.0 = Debug|Any CPU
		{22FC6117-7F29-4FCA-95C6-96C5260535CD}.Release|Any CPU.ActiveCfg = Release|Any CPU
		{22FC6117-7F29-4FCA-95C6-96C5260535CD}.Release|Any CPU.Build.0 = Release|Any CPU
		{22FC6117-7F29-4FCA-95C6-96C5260535CD}.Release|x64.ActiveCfg = Release|Any CPU
		{22FC6117-7F29-4FCA-95C6-96C5260535CD}.Release|x64.Build.0 = Release|Any CPU
		{22FC6117-7F29-4FCA-95C6-96C5260535CD}.Release|x86.ActiveCfg = Release|Any CPU
		{22FC6117-7F29-4FCA-95C6-96C5260535CD}.Release|x86.Build.0 = Release|Any CPU
		{87AD5018-5704-4436-BD32-BA3BE058F9E5}.Debug|Any CPU.ActiveCfg = Debug|Any CPU
		{87AD5018-5704-4436-BD32-BA3BE058F9E5}.Debug|Any CPU.Build.0 = Debug|Any CPU
		{87AD5018-5704-4436-BD32-BA3BE058F9E5}.Debug|x64.ActiveCfg = Debug|Any CPU
		{87AD5018-5704-4436-BD32-BA3BE058F9E5}.Debug|x64.Build.0 = Debug|Any CPU
		{87AD5018-5704-4436-BD32-BA3BE058F9E5}.Debug|x86.ActiveCfg = Debug|Any CPU
		{87AD5018-5704-4436-BD32-BA3BE058F9E5}.Debug|x86.Build.0 = Debug|Any CPU
		{87AD5018-5704-4436-BD32-BA3BE058F9E5}.Release|Any CPU.ActiveCfg = Release|Any CPU
		{87AD5018-5704-4436-BD32-BA3BE058F9E5}.Release|Any CPU.Build.0 = Release|Any CPU
		{87AD5018-5704-4436-BD32-BA3BE058F9E5}.Release|x64.ActiveCfg = Release|Any CPU
		{87AD5018-5704-4436-BD32-BA3BE058F9E5}.Release|x64.Build.0 = Release|Any CPU
		{87AD5018-5704-4436-BD32-BA3BE058F9E5}.Release|x86.ActiveCfg = Release|Any CPU
		{87AD5018-5704-4436-BD32-BA3BE058F9E5}.Release|x86.Build.0 = Release|Any CPU
		{90FBBEBF-9795-4F55-840E-1E8EC7E8C7A4}.Debug|Any CPU.ActiveCfg = Debug|Any CPU
		{90FBBEBF-9795-4F55-840E-1E8EC7E8C7A4}.Debug|Any CPU.Build.0 = Debug|Any CPU
		{90FBBEBF-9795-4F55-840E-1E8EC7E8C7A4}.Debug|x64.ActiveCfg = Debug|Any CPU
		{90FBBEBF-9795-4F55-840E-1E8EC7E8C7A4}.Debug|x64.Build.0 = Debug|Any CPU
		{90FBBEBF-9795-4F55-840E-1E8EC7E8C7A4}.Debug|x86.ActiveCfg = Debug|Any CPU
		{90FBBEBF-9795-4F55-840E-1E8EC7E8C7A4}.Debug|x86.Build.0 = Debug|Any CPU
		{90FBBEBF-9795-4F55-840E-1E8EC7E8C7A4}.Release|Any CPU.ActiveCfg = Release|Any CPU
		{90FBBEBF-9795-4F55-840E-1E8EC7E8C7A4}.Release|Any CPU.Build.0 = Release|Any CPU
		{90FBBEBF-9795-4F55-840E-1E8EC7E8C7A4}.Release|x64.ActiveCfg = Release|Any CPU
		{90FBBEBF-9795-4F55-840E-1E8EC7E8C7A4}.Release|x64.Build.0 = Release|Any CPU
		{90FBBEBF-9795-4F55-840E-1E8EC7E8C7A4}.Release|x86.ActiveCfg = Release|Any CPU
		{90FBBEBF-9795-4F55-840E-1E8EC7E8C7A4}.Release|x86.Build.0 = Release|Any CPU
		{BFB02935-C30F-463E-857B-A7E7D4FDE43D}.Debug|Any CPU.ActiveCfg = Debug|Any CPU
		{BFB02935-C30F-463E-857B-A7E7D4FDE43D}.Debug|Any CPU.Build.0 = Debug|Any CPU
		{BFB02935-C30F-463E-857B-A7E7D4FDE43D}.Debug|x64.ActiveCfg = Debug|Any CPU
		{BFB02935-C30F-463E-857B-A7E7D4FDE43D}.Debug|x64.Build.0 = Debug|Any CPU
		{BFB02935-C30F-463E-857B-A7E7D4FDE43D}.Debug|x86.ActiveCfg = Debug|Any CPU
		{BFB02935-C30F-463E-857B-A7E7D4FDE43D}.Debug|x86.Build.0 = Debug|Any CPU
		{BFB02935-C30F-463E-857B-A7E7D4FDE43D}.Release|Any CPU.ActiveCfg = Release|Any CPU
		{BFB02935-C30F-463E-857B-A7E7D4FDE43D}.Release|Any CPU.Build.0 = Release|Any CPU
		{BFB02935-C30F-463E-857B-A7E7D4FDE43D}.Release|x64.ActiveCfg = Release|Any CPU
		{BFB02935-C30F-463E-857B-A7E7D4FDE43D}.Release|x64.Build.0 = Release|Any CPU
		{BFB02935-C30F-463E-857B-A7E7D4FDE43D}.Release|x86.ActiveCfg = Release|Any CPU
		{BFB02935-C30F-463E-857B-A7E7D4FDE43D}.Release|x86.Build.0 = Release|Any CPU
		{34D1A2C4-9167-48E1-8914-C7514ED983D2}.Debug|Any CPU.ActiveCfg = Debug|Any CPU
		{34D1A2C4-9167-48E1-8914-C7514ED983D2}.Debug|Any CPU.Build.0 = Debug|Any CPU
		{34D1A2C4-9167-48E1-8914-C7514ED983D2}.Debug|x64.ActiveCfg = Debug|Any CPU
		{34D1A2C4-9167-48E1-8914-C7514ED983D2}.Debug|x64.Build.0 = Debug|Any CPU
		{34D1A2C4-9167-48E1-8914-C7514ED983D2}.Debug|x86.ActiveCfg = Debug|Any CPU
		{34D1A2C4-9167-48E1-8914-C7514ED983D2}.Debug|x86.Build.0 = Debug|Any CPU
		{34D1A2C4-9167-48E1-8914-C7514ED983D2}.Release|Any CPU.ActiveCfg = Release|Any CPU
		{34D1A2C4-9167-48E1-8914-C7514ED983D2}.Release|Any CPU.Build.0 = Release|Any CPU
		{34D1A2C4-9167-48E1-8914-C7514ED983D2}.Release|x64.ActiveCfg = Release|Any CPU
		{34D1A2C4-9167-48E1-8914-C7514ED983D2}.Release|x64.Build.0 = Release|Any CPU
		{34D1A2C4-9167-48E1-8914-C7514ED983D2}.Release|x86.ActiveCfg = Release|Any CPU
		{34D1A2C4-9167-48E1-8914-C7514ED983D2}.Release|x86.Build.0 = Release|Any CPU
	EndGlobalSection
	GlobalSection(SolutionProperties) = preSolution
		HideSolutionNode = FALSE
	EndGlobalSection
	GlobalSection(NestedProjects) = preSolution
		{22FC6117-7F29-4FCA-95C6-96C5260535CD} = {CF64FBC9-0AB4-4226-BB96-F8FB9E82A477}
		{87AD5018-5704-4436-BD32-BA3BE058F9E5} = {CF64FBC9-0AB4-4226-BB96-F8FB9E82A477}
		{90FBBEBF-9795-4F55-840E-1E8EC7E8C7A4} = {DCF2CB58-7FB3-47EF-BF73-8F97D3AF1F30}
		{BFB02935-C30F-463E-857B-A7E7D4FDE43D} = {3C4338B8-BFC7-4D39-ABE2-776D7247560A}
		{34D1A2C4-9167-48E1-8914-C7514ED983D2} = {3E72BF5C-0B5E-D5BD-DCAE-6B991004B4A5}
	EndGlobalSection
	GlobalSection(ExtensibilityGlobals) = postSolution
		SolutionGuid = {54DBA572-6421-406C-8212-BD39E81A029D}
	EndGlobalSection
EndGlobal
